
Microsoft Visual Studio Solution File, Format Version 12.00
# Visual Studio Version 17
VisualStudioVersion = 17.11.35219.272
MinimumVisualStudioVersion = 10.0.40219.1
Project("{FAE04EC0-301F-11D3-BF4B-00C04F79EFBC}") = "BaiTap07", "BaiTap07.csproj", "{F25361FD-8C38-40E7-93E8-F39D52384C49}"
EndProject
Global
	GlobalSection(SolutionConfigurationPlatforms) = preSolution
		Debug|Any CPU = Debug|Any CPU
		Release|Any CPU = Release|Any CPU
	EndGlobalSection
	GlobalSection(ProjectConfigurationPlatforms) = postSolution
		{F25361FD-8C38-40E7-93E8-F39D52384C49}.Debug|Any CPU.ActiveCfg = Debug|Any CPU
		{F25361FD-8C38-40E7-93E8-F39D52384C49}.Debug|Any CPU.Build.0 = Debug|Any CPU
		{F25361FD-8C38-40E7-93E8-F39D52384C49}.Release|Any CPU.ActiveCfg = Release|Any CPU
		{F25361FD-8C38-40E7-93E8-F39D52384C49}.Release|Any CPU.Build.0 = Release|Any CPU
	EndGlobalSection
	GlobalSection(SolutionProperties) = preSolution
		HideSolutionNode = FALSE
	EndGlobalSection
	GlobalSection(ExtensibilityGlobals) = postSolution
		SolutionGuid = {883C473C-2A65-4617-BEBF-EFBBFF4356C7}
	EndGlobalSection
EndGlobal
