
Microsoft Visual Studio Solution File, Format Version 12.00
# Visual Studio Version 17
VisualStudioVersion = 17.11.35219.272
MinimumVisualStudioVersion = 10.0.40219.1
Project("{FAE04EC0-301F-11D3-BF4B-00C04F79EFBC}") = "BaiTapVeNha03", "BaiTapVeNha03.csproj", "{BD4C9437-A8B5-4B38-822F-0EBA9BA902C3}"
EndProject
Global
	GlobalSection(SolutionConfigurationPlatforms) = preSolution
		Debug|Any CPU = Debug|Any CPU
		Release|Any CPU = Release|Any CPU
	EndGlobalSection
	GlobalSection(ProjectConfigurationPlatforms) = postSolution
		{BD4C9437-A8B5-4B38-822F-0EBA9BA902C3}.Debug|Any CPU.ActiveCfg = Debug|Any CPU
		{BD4C9437-A8B5-4B38-822F-0EBA9BA902C3}.Debug|Any CPU.Build.0 = Debug|Any CPU
		{BD4C9437-A8B5-4B38-822F-0EBA9BA902C3}.Release|Any CPU.ActiveCfg = Release|Any CPU
		{BD4C9437-A8B5-4B38-822F-0EBA9BA902C3}.Release|Any CPU.Build.0 = Release|Any CPU
	EndGlobalSection
	GlobalSection(SolutionProperties) = preSolution
		HideSolutionNode = FALSE
	EndGlobalSection
	GlobalSection(ExtensibilityGlobals) = postSolution
		SolutionGuid = {99E06FD8-2FB2-4320-AC7B-88CF3556B17E}
	EndGlobalSection
EndGlobal
