
Microsoft Visual Studio Solution File, Format Version 12.00
# Visual Studio Version 17
VisualStudioVersion = 17.11.35219.272
MinimumVisualStudioVersion = 10.0.40219.1
Project("{FAE04EC0-301F-11D3-BF4B-00C04F79EFBC}") = "BaiTap04", "BaiTap04.csproj", "{549D1D2A-6E32-496F-9E79-86FF4D1836BD}"
EndProject
Global
	GlobalSection(SolutionConfigurationPlatforms) = preSolution
		Debug|Any CPU = Debug|Any CPU
		Release|Any CPU = Release|Any CPU
	EndGlobalSection
	GlobalSection(ProjectConfigurationPlatforms) = postSolution
		{549D1D2A-6E32-496F-9E79-86FF4D1836BD}.Debug|Any CPU.ActiveCfg = Debug|Any CPU
		{549D1D2A-6E32-496F-9E79-86FF4D1836BD}.Debug|Any CPU.Build.0 = Debug|Any CPU
		{549D1D2A-6E32-496F-9E79-86FF4D1836BD}.Release|Any CPU.ActiveCfg = Release|Any CPU
		{549D1D2A-6E32-496F-9E79-86FF4D1836BD}.Release|Any CPU.Build.0 = Release|Any CPU
	EndGlobalSection
	GlobalSection(SolutionProperties) = preSolution
		HideSolutionNode = FALSE
	EndGlobalSection
	GlobalSection(ExtensibilityGlobals) = postSolution
		SolutionGuid = {B49C7E7E-A5C9-47BC-B0F8-B8CF25502167}
	EndGlobalSection
EndGlobal
